{
  "nodes": {
    "fenix": {
      "inputs": {
        "nixpkgs": "nixpkgs",
        "rust-analyzer-src": "rust-analyzer-src"
      },
      "locked": {
        "lastModified": 1640644357,
        "narHash": "sha256-P3DOh+9f0kqfZVqRCrVAHyyx/vYgLN8GaoHdbRv/BcM=",
        "owner": "nix-community",
        "repo": "fenix",
        "rev": "ac55b49c49b53a60e8eb5761687fa741c7c80265",
        "type": "github"
      },
      "original": {
        "owner": "nix-community",
        "repo": "fenix",
        "type": "github"
      }
    },
    "flake-utils": {
      "locked": {
        "lastModified": 1634851050,
        "narHash": "sha256-N83GlSGPJJdcqhUxSCS/WwW5pksYf3VP1M13cDRTSVA=",
        "owner": "numtide",
        "repo": "flake-utils",
        "rev": "c91f3de5adaf1de973b797ef7485e441a65b8935",
        "type": "github"
      },
      "original": {
        "owner": "numtide",
        "repo": "flake-utils",
        "type": "github"
      }
    },
    "nixpkgs": {
      "locked": {
        "lastModified": 1640408860,
        "narHash": "sha256-h2uF3+a8bVfM8SjcS4hLbsOzOuG3qsxuImC0BucWs1Q=",
        "owner": "nixos",
        "repo": "nixpkgs",
        "rev": "cb372c3b8880e504b06946e8fb2ca9777c685505",
        "type": "github"
      },
      "original": {
        "owner": "nixos",
        "ref": "nixos-unstable",
        "repo": "nixpkgs",
        "type": "github"
      }
    },
    "nixpkgs_2": {
      "locked": {
        "lastModified": 1634782485,
        "narHash": "sha256-psfh4OQSokGXG0lpq3zKFbhOo3QfoeudRcaUnwMRkQo=",
        "owner": "nixos",
        "repo": "nixpkgs",
        "rev": "34ad3ffe08adfca17fcb4e4a47bb5f3b113687be",
        "type": "github"
      },
      "original": {
        "owner": "nixos",
        "ref": "nixos-unstable",
        "repo": "nixpkgs",
        "type": "github"
      }
    },
    "root": {
      "inputs": {
        "fenix": "fenix",
        "flake-utils": "flake-utils",
        "nixpkgs": "nixpkgs_2"
      }
    },
    "rust-analyzer-src": {
      "flake": false,
      "locked": {
        "lastModified": 1640459636,
        "narHash": "sha256-lvHBAWuCd+7cYq6AwThqD6uMRqsKoGJFPKUqeyn3UEU=",
        "owner": "rust-analyzer",
        "repo": "rust-analyzer",
        "rev": "c456b217d808058d2515dd909bc4f68206de340e",
        "type": "github"
      },
      "original": {
        "owner": "rust-analyzer",
        "ref": "nightly",
        "repo": "rust-analyzer",
        "type": "github"
      }
    }
  },
  "root": "root",
  "version": 7
}
